Microsoft Visual Studio Solution File, Format Version 11.00
# Visual Studio 2010
Project("{A606AE6D-CD48-4AE4-BBBA-4FC3CDE8FABA}") = "dodibece", ".dub/dodibece.visualdproj", "{6A2F0A3D-228A-4704-9AD9-3E64EC4CB91C}"
	ProjectSection(ProjectDependencies) = postProject
		{CAFC8E05-AA4F-490E-AA59-833551259D88} = {CAFC8E05-AA4F-490E-AA59-833551259D88}
		{37116021-7FBF-49BC-8DF9-8C96A2E77489} = {37116021-7FBF-49BC-8DF9-8C96A2E77489}
		{2F94553D-DFEE-4403-AAA5-1F3D4C2FBE99} = {2F94553D-DFEE-4403-AAA5-1F3D4C2FBE99}
		{F31A2FCD-C32E-4061-9162-D040086666AB} = {F31A2FCD-C32E-4061-9162-D040086666AB}
		{21142317-AC53-47A2-B514-A8CBFF0A69E9} = {21142317-AC53-47A2-B514-A8CBFF0A69E9}
		{C88B2BB4-F245-4C8A-8486-D7CFF13B8320} = {C88B2BB4-F245-4C8A-8486-D7CFF13B8320}
		{D12A88E7-42E7-4B44-93BA-BE75F0DD4AC9} = {D12A88E7-42E7-4B44-93BA-BE75F0DD4AC9}
		{CA1AB27D-FB37-4567-A0EC-0C1382BC055F} = {CA1AB27D-FB37-4567-A0EC-0C1382BC055F}
		{5689FB62-BAEB-4DB3-85BD-7FED32095314} = {5689FB62-BAEB-4DB3-85BD-7FED32095314}
		{0F5D23D0-26DD-46F3-99C4-0F16DB5482BD} = {0F5D23D0-26DD-46F3-99C4-0F16DB5482BD}
		{865FA68C-FD3B-4EA3-A531-B2BD913EFD43} = {865FA68C-FD3B-4EA3-A531-B2BD913EFD43}
		{865FA68C-FD3B-4EA3-A531-B2BD913EFD43} = {865FA68C-FD3B-4EA3-A531-B2BD913EFD43}
		{0A983D88-3A59-40B2-A4E3-B40466617DFD} = {0A983D88-3A59-40B2-A4E3-B40466617DFD}
		{0F9EC385-D163-4FE3-A715-EF0A1B15C67D} = {0F9EC385-D163-4FE3-A715-EF0A1B15C67D}
		{32902971-1DDB-45D8-A8DD-1929FEB34876} = {32902971-1DDB-45D8-A8DD-1929FEB34876}
		{704F3D0F-1006-489E-84E1-1C4A67CF30D0} = {704F3D0F-1006-489E-84E1-1C4A67CF30D0}
		{6A0F380C-2BC9-48C6-B771-C3BC8C44B736} = {6A0F380C-2BC9-48C6-B771-C3BC8C44B736}
		{3EDB53DC-1B13-489D-ADAA-1A897713FEE9} = {3EDB53DC-1B13-489D-ADAA-1A897713FEE9}
		{BAD45732-9FCB-4C96-8AC2-033C420177CF} = {BAD45732-9FCB-4C96-8AC2-033C420177CF}
		{BAD45732-9FCB-4C96-8AC2-033C420177CF} = {BAD45732-9FCB-4C96-8AC2-033C420177CF}
		{96093AEE-126B-4496-8AFB-1D50A2E9EEE7} = {96093AEE-126B-4496-8AFB-1D50A2E9EEE7}
	EndProjectSection
EndProject
Project("{A606AE6D-CD48-4AE4-BBBA-4FC3CDE8FABA}") = "vibe-d", ".dub/vibe-d.visualdproj", "{CAFC8E05-AA4F-490E-AA59-833551259D88}"
EndProject
Project("{A606AE6D-CD48-4AE4-BBBA-4FC3CDE8FABA}") = "vibe-core", ".dub/vibe-core.visualdproj", "{32902971-1DDB-45D8-A8DD-1929FEB34876}"
EndProject
Project("{A606AE6D-CD48-4AE4-BBBA-4FC3CDE8FABA}") = "eventcore", ".dub/eventcore.visualdproj", "{704F3D0F-1006-489E-84E1-1C4A67CF30D0}"
EndProject
Project("{A606AE6D-CD48-4AE4-BBBA-4FC3CDE8FABA}") = "taggedalgebraic", ".dub/taggedalgebraic.visualdproj", "{6A0F380C-2BC9-48C6-B771-C3BC8C44B736}"
EndProject
Project("{A606AE6D-CD48-4AE4-BBBA-4FC3CDE8FABA}") = "stdx-allocator", ".dub/stdx-allocator.visualdproj", "{96093AEE-126B-4496-8AFB-1D50A2E9EEE7}"
EndProject
Project("{A606AE6D-CD48-4AE4-BBBA-4FC3CDE8FABA}") = "vibe-d:data", ".dub/vibe-d_data.visualdproj", "{3EDB53DC-1B13-489D-ADAA-1A897713FEE9}"
EndProject
Project("{A606AE6D-CD48-4AE4-BBBA-4FC3CDE8FABA}") = "vibe-d:utils", ".dub/vibe-d_utils.visualdproj", "{BAD45732-9FCB-4C96-8AC2-033C420177CF}"
EndProject
Project("{A606AE6D-CD48-4AE4-BBBA-4FC3CDE8FABA}") = "vibe-d:crypto", ".dub/vibe-d_crypto.visualdproj", "{CA1AB27D-FB37-4567-A0EC-0C1382BC055F}"
EndProject
Project("{A606AE6D-CD48-4AE4-BBBA-4FC3CDE8FABA}") = "mir-linux-kernel", ".dub/mir-linux-kernel.visualdproj", "{5689FB62-BAEB-4DB3-85BD-7FED32095314}"
EndProject
Project("{A606AE6D-CD48-4AE4-BBBA-4FC3CDE8FABA}") = "vibe-d:http", ".dub/vibe-d_http.visualdproj", "{C88B2BB4-F245-4C8A-8486-D7CFF13B8320}"
EndProject
Project("{A606AE6D-CD48-4AE4-BBBA-4FC3CDE8FABA}") = "diet-ng", ".dub/diet-ng.visualdproj", "{D12A88E7-42E7-4B44-93BA-BE75F0DD4AC9}"
EndProject
Project("{A606AE6D-CD48-4AE4-BBBA-4FC3CDE8FABA}") = "vibe-d:inet", ".dub/vibe-d_inet.visualdproj", "{0F5D23D0-26DD-46F3-99C4-0F16DB5482BD}"
EndProject
Project("{A606AE6D-CD48-4AE4-BBBA-4FC3CDE8FABA}") = "vibe-d:stream", ".dub/vibe-d_stream.visualdproj", "{0F9EC385-D163-4FE3-A715-EF0A1B15C67D}"
EndProject
Project("{A606AE6D-CD48-4AE4-BBBA-4FC3CDE8FABA}") = "vibe-d:textfilter", ".dub/vibe-d_textfilter.visualdproj", "{865FA68C-FD3B-4EA3-A531-B2BD913EFD43}"
EndProject
Project("{A606AE6D-CD48-4AE4-BBBA-4FC3CDE8FABA}") = "vibe-d:tls", ".dub/vibe-d_tls.visualdproj", "{0A983D88-3A59-40B2-A4E3-B40466617DFD}"
EndProject
Project("{A606AE6D-CD48-4AE4-BBBA-4FC3CDE8FABA}") = "vibe-d:mail", ".dub/vibe-d_mail.visualdproj", "{37116021-7FBF-49BC-8DF9-8C96A2E77489}"
EndProject
Project("{A606AE6D-CD48-4AE4-BBBA-4FC3CDE8FABA}") = "vibe-d:mongodb", ".dub/vibe-d_mongodb.visualdproj", "{2F94553D-DFEE-4403-AAA5-1F3D4C2FBE99}"
EndProject
Project("{A606AE6D-CD48-4AE4-BBBA-4FC3CDE8FABA}") = "vibe-d:redis", ".dub/vibe-d_redis.visualdproj", "{F31A2FCD-C32E-4061-9162-D040086666AB}"
EndProject
Project("{A606AE6D-CD48-4AE4-BBBA-4FC3CDE8FABA}") = "vibe-d:web", ".dub/vibe-d_web.visualdproj", "{21142317-AC53-47A2-B514-A8CBFF0A69E9}"
EndProject
Global
	GlobalSection(SolutionConfigurationPlatforms) = preSolution
		debug|Win32 = debug|Win32
	EndGlobalSection
	GlobalSection(ProjectConfigurationPlatforms) = postSolution
		{6A2F0A3D-228A-4704-9AD9-3E64EC4CB91C}.debug|Win32.ActiveCfg = debug|Win32
		{6A2F0A3D-228A-4704-9AD9-3E64EC4CB91C}.debug|Win32.Build.0 = debug|Win32
		{0F9EC385-D163-4FE3-A715-EF0A1B15C67D}.debug|Win32.ActiveCfg = debug|Win32
		{0F9EC385-D163-4FE3-A715-EF0A1B15C67D}.debug|Win32.Build.0 = debug|Win32
		{32902971-1DDB-45D8-A8DD-1929FEB34876}.debug|Win32.ActiveCfg = debug|Win32
		{32902971-1DDB-45D8-A8DD-1929FEB34876}.debug|Win32.Build.0 = debug|Win32
		{6A0F380C-2BC9-48C6-B771-C3BC8C44B736}.debug|Win32.ActiveCfg = debug|Win32
		{6A0F380C-2BC9-48C6-B771-C3BC8C44B736}.debug|Win32.Build.0 = debug|Win32
		{21142317-AC53-47A2-B514-A8CBFF0A69E9}.debug|Win32.ActiveCfg = debug|Win32
		{21142317-AC53-47A2-B514-A8CBFF0A69E9}.debug|Win32.Build.0 = debug|Win32
		{CAFC8E05-AA4F-490E-AA59-833551259D88}.debug|Win32.ActiveCfg = debug|Win32
		{CAFC8E05-AA4F-490E-AA59-833551259D88}.debug|Win32.Build.0 = debug|Win32
		{865FA68C-FD3B-4EA3-A531-B2BD913EFD43}.debug|Win32.ActiveCfg = debug|Win32
		{865FA68C-FD3B-4EA3-A531-B2BD913EFD43}.debug|Win32.Build.0 = debug|Win32
		{CA1AB27D-FB37-4567-A0EC-0C1382BC055F}.debug|Win32.ActiveCfg = debug|Win32
		{CA1AB27D-FB37-4567-A0EC-0C1382BC055F}.debug|Win32.Build.0 = debug|Win32
		{F31A2FCD-C32E-4061-9162-D040086666AB}.debug|Win32.ActiveCfg = debug|Win32
		{F31A2FCD-C32E-4061-9162-D040086666AB}.debug|Win32.Build.0 = debug|Win32
		{0A983D88-3A59-40B2-A4E3-B40466617DFD}.debug|Win32.ActiveCfg = debug|Win32
		{0A983D88-3A59-40B2-A4E3-B40466617DFD}.debug|Win32.Build.0 = debug|Win32
		{96093AEE-126B-4496-8AFB-1D50A2E9EEE7}.debug|Win32.ActiveCfg = debug|Win32
		{96093AEE-126B-4496-8AFB-1D50A2E9EEE7}.debug|Win32.Build.0 = debug|Win32
		{2F94553D-DFEE-4403-AAA5-1F3D4C2FBE99}.debug|Win32.ActiveCfg = debug|Win32
		{2F94553D-DFEE-4403-AAA5-1F3D4C2FBE99}.debug|Win32.Build.0 = debug|Win32
		{37116021-7FBF-49BC-8DF9-8C96A2E77489}.debug|Win32.ActiveCfg = debug|Win32
		{37116021-7FBF-49BC-8DF9-8C96A2E77489}.debug|Win32.Build.0 = debug|Win32
		{3EDB53DC-1B13-489D-ADAA-1A897713FEE9}.debug|Win32.ActiveCfg = debug|Win32
		{3EDB53DC-1B13-489D-ADAA-1A897713FEE9}.debug|Win32.Build.0 = debug|Win32
		{D12A88E7-42E7-4B44-93BA-BE75F0DD4AC9}.debug|Win32.ActiveCfg = debug|Win32
		{D12A88E7-42E7-4B44-93BA-BE75F0DD4AC9}.debug|Win32.Build.0 = debug|Win32
		{C88B2BB4-F245-4C8A-8486-D7CFF13B8320}.debug|Win32.ActiveCfg = debug|Win32
		{C88B2BB4-F245-4C8A-8486-D7CFF13B8320}.debug|Win32.Build.0 = debug|Win32
		{0F5D23D0-26DD-46F3-99C4-0F16DB5482BD}.debug|Win32.ActiveCfg = debug|Win32
		{0F5D23D0-26DD-46F3-99C4-0F16DB5482BD}.debug|Win32.Build.0 = debug|Win32
		{BAD45732-9FCB-4C96-8AC2-033C420177CF}.debug|Win32.ActiveCfg = debug|Win32
		{BAD45732-9FCB-4C96-8AC2-033C420177CF}.debug|Win32.Build.0 = debug|Win32
		{704F3D0F-1006-489E-84E1-1C4A67CF30D0}.debug|Win32.ActiveCfg = debug|Win32
		{704F3D0F-1006-489E-84E1-1C4A67CF30D0}.debug|Win32.Build.0 = debug|Win32
		{5689FB62-BAEB-4DB3-85BD-7FED32095314}.debug|Win32.ActiveCfg = debug|Win32
		{5689FB62-BAEB-4DB3-85BD-7FED32095314}.debug|Win32.Build.0 = debug|Win32
	EndGlobalSection
	GlobalSection(SolutionProperties) = preSolution
		HideSolutionNode = FALSE
	EndGlobalSection
EndGlobal
